Microsoft Visual Studio Solution File, Format Version 12.00
# Visual Studio 15
VisualStudioVersion = 15.0.27004.2005
MinimumVisualStudioVersion = 10.0.40219.1
Project("{FAE04EC0-301F-11D3-BF4B-00C04F79EFBC}") = "DeploymentManager GUI", "DeploymentManager GUI\DeploymentManager GUI.csproj", "{D11EA814-38AD-4574-8A17-C4CF30348D0C}"
EndProject
Project("{FAE04EC0-301F-11D3-BF4B-00C04F79EFBC}") = "DeploymentManagerWCFService", "DeploymentService\DeploymentManagerWCFService.csproj", "{CA4E401E-ED83-4406-8386-CB99762000F0}"
EndProject
Global
	GlobalSection(SolutionConfigurationPlatforms) = preSolution
		Debug|Any CPU = Debug|Any CPU
		Release|Any CPU = Release|Any CPU
	EndGlobalSection
	GlobalSection(ProjectConfigurationPlatforms) = postSolution
		{D11EA814-38AD-4574-8A17-C4CF30348D0C}.Debug|Any CPU.ActiveCfg = Debug|Any CPU
		{D11EA814-38AD-4574-8A17-C4CF30348D0C}.Debug|Any CPU.Build.0 = Debug|Any CPU
		{D11EA814-38AD-4574-8A17-C4CF30348D0C}.Release|Any CPU.ActiveCfg = Release|Any CPU
		{D11EA814-38AD-4574-8A17-C4CF30348D0C}.Release|Any CPU.Build.0 = Release|Any CPU
		{CA4E401E-ED83-4406-8386-CB99762000F0}.Debug|Any CPU.ActiveCfg = Debug|Any CPU
		{CA4E401E-ED83-4406-8386-CB99762000F0}.Debug|Any CPU.Build.0 = Debug|Any CPU
		{CA4E401E-ED83-4406-8386-CB99762000F0}.Release|Any CPU.ActiveCfg = Release|Any CPU
		{CA4E401E-ED83-4406-8386-CB99762000F0}.Release|Any CPU.Build.0 = Release|Any CPU
	EndGlobalSection
	GlobalSection(SolutionProperties) = preSolution
		HideSolutionNode = FALSE
	EndGlobalSection
	GlobalSection(ExtensibilityGlobals) = postSolution
		SolutionGuid = {1AA824CE-0213-46BD-A458-A405293A3038}
	EndGlobalSection
EndGlobal
